
Microsoft Visual Studio Solution File, Format Version 12.00
# Visual Studio Version 16
VisualStudioVersion = 16.0.30413.136
MinimumVisualStudioVersion = 10.0.40219.1
Project("{FAE04EC0-301F-11D3-BF4B-00C04F79EFBC}") = "AssignmentDatabaseFirst", "AssignmentDatabaseFirst\AssignmentDatabaseFirst.csproj", "{AA4E18AF-ACA9-430D-A509-F8FEDFFB9907}"
EndProject
Global
	GlobalSection(SolutionConfigurationPlatforms) = preSolution
		Debug|Any CPU = Debug|Any CPU
		Release|Any CPU = Release|Any CPU
	EndGlobalSection
	GlobalSection(ProjectConfigurationPlatforms) = postSolution
		{AA4E18AF-ACA9-430D-A509-F8FEDFFB9907}.Debug|Any CPU.ActiveCfg = Debug|Any CPU
		{AA4E18AF-ACA9-430D-A509-F8FEDFFB9907}.Debug|Any CPU.Build.0 = Debug|Any CPU
		{AA4E18AF-ACA9-430D-A509-F8FEDFFB9907}.Release|Any CPU.ActiveCfg = Release|Any CPU
		{AA4E18AF-ACA9-430D-A509-F8FEDFFB9907}.Release|Any CPU.Build.0 = Release|Any CPU
	EndGlobalSection
	GlobalSection(SolutionProperties) = preSolution
		HideSolutionNode = FALSE
	EndGlobalSection
	GlobalSection(ExtensibilityGlobals) = postSolution
		SolutionGuid = {A2CCA148-A8CD-45A1-AACC-35B1B379DCDD}
	EndGlobalSection
EndGlobal
