
Microsoft Visual Studio Solution File, Format Version 12.00
# Visual Studio Version 16
VisualStudioVersion = 16.0.30330.147
MinimumVisualStudioVersion = 10.0.40219.1
Project("{FAE04EC0-301F-11D3-BF4B-00C04F79EFBC}") = "xBindDataExample", "UWP tutorial 02\xBindDataExample.csproj", "{EB01951D-029E-4ECE-AA03-B8DB69D97BF1}"
EndProject
Global
	GlobalSection(SolutionConfigurationPlatforms) = preSolution
		Debug|ARM = Debug|ARM
		Debug|ARM64 = Debug|ARM64
		Debug|x64 = Debug|x64
		Debug|x86 = Debug|x86
		Release|ARM = Release|ARM
		Release|ARM64 = Release|ARM64
		Release|x64 = Release|x64
		Release|x86 = Release|x86
	EndGlobalSection
	GlobalSection(ProjectConfigurationPlatforms) = postSolution
		{EB01951D-029E-4ECE-AA03-B8DB69D97BF1}.Debug|ARM.ActiveCfg = Debug|ARM
		{EB01951D-029E-4ECE-AA03-B8DB69D97BF1}.Debug|ARM.Build.0 = Debug|ARM
		{EB01951D-029E-4ECE-AA03-B8DB69D97BF1}.Debug|ARM.Deploy.0 = Debug|ARM
		{EB01951D-029E-4ECE-AA03-B8DB69D97BF1}.Debug|ARM64.ActiveCfg = Debug|ARM64
		{EB01951D-029E-4ECE-AA03-B8DB69D97BF1}.Debug|ARM64.Build.0 = Debug|ARM64
		{EB01951D-029E-4ECE-AA03-B8DB69D97BF1}.Debug|ARM64.Deploy.0 = Debug|ARM64
		{EB01951D-029E-4ECE-AA03-B8DB69D97BF1}.Debug|x64.ActiveCfg = Debug|x64
		{EB01951D-029E-4ECE-AA03-B8DB69D97BF1}.Debug|x64.Build.0 = Debug|x64
		{EB01951D-029E-4ECE-AA03-B8DB69D97BF1}.Debug|x64.Deploy.0 = Debug|x64
		{EB01951D-029E-4ECE-AA03-B8DB69D97BF1}.Debug|x86.ActiveCfg = Debug|x86
		{EB01951D-029E-4ECE-AA03-B8DB69D97BF1}.Debug|x86.Build.0 = Debug|x86
		{EB01951D-029E-4ECE-AA03-B8DB69D97BF1}.Debug|x86.Deploy.0 = Debug|x86
		{EB01951D-029E-4ECE-AA03-B8DB69D97BF1}.Release|ARM.ActiveCfg = Release|ARM
		{EB01951D-029E-4ECE-AA03-B8DB69D97BF1}.Release|ARM.Build.0 = Release|ARM
		{EB01951D-029E-4ECE-AA03-B8DB69D97BF1}.Release|ARM.Deploy.0 = Release|ARM
		{EB01951D-029E-4ECE-AA03-B8DB69D97BF1}.Release|ARM64.ActiveCfg = Release|ARM64
		{EB01951D-029E-4ECE-AA03-B8DB69D97BF1}.Release|ARM64.Build.0 = Release|ARM64
		{EB01951D-029E-4ECE-AA03-B8DB69D97BF1}.Release|ARM64.Deploy.0 = Release|ARM64
		{EB01951D-029E-4ECE-AA03-B8DB69D97BF1}.Release|x64.ActiveCfg = Release|x64
		{EB01951D-029E-4ECE-AA03-B8DB69D97BF1}.Release|x64.Build.0 = Release|x64
		{EB01951D-029E-4ECE-AA03-B8DB69D97BF1}.Release|x64.Deploy.0 = Release|x64
		{EB01951D-029E-4ECE-AA03-B8DB69D97BF1}.Release|x86.ActiveCfg = Release|x86
		{EB01951D-029E-4ECE-AA03-B8DB69D97BF1}.Release|x86.Build.0 = Release|x86
		{EB01951D-029E-4ECE-AA03-B8DB69D97BF1}.Release|x86.Deploy.0 = Release|x86
	EndGlobalSection
	GlobalSection(SolutionProperties) = preSolution
		HideSolutionNode = FALSE
	EndGlobalSection
	GlobalSection(ExtensibilityGlobals) = postSolution
		SolutionGuid = {2FFF4A62-2828-4287-9914-FAC7F6DED718}
	EndGlobalSection
EndGlobal
